<?xml version="1.0" encoding="utf-8"?>
<Project ToolsVersion="4.0" xmlns="http://schemas.microsoft.com/developer/msbuild/2003">
  <ItemGroup>
    <Filter Include="Source Files">
      <UniqueIdentifier>{4FC737F1-C7A5-4376-A066-2A32D752A2FF}</UniqueIdentifier>
      <Extensions>cpp;c;cc;cxx;def;odl;idl;hpj;bat;asm;asmx</Extensions>
    </Filter>
    <Filter Include="Resource Files">
      <UniqueIdentifier>{67DA6AB6-F800-4c08-8B7A-83BB121AAD01}</UniqueIdentifier>
      <Extensions>rc;ico;cur;bmp;dlg;rc2;rct;bin;rgs;gif;jpg;jpeg;jpe;resx;tiff;tif;png;wav</Extensions>
    </Filter>
    <Filter Include="Config">
      <UniqueIdentifier>{d75f7e2d-4bbb-4fa3-a125-ce122a781ae0}</UniqueIdentifier>
    </Filter>
    <Filter Include="Config\Language">
      <UniqueIdentifier>{0de28918-198d-4375-b9a2-203966f04559}</UniqueIdentifier>
    </Filter>
  </ItemGroup>
  <ItemGroup>
    <None Include="DLL_Exports.def">
      <Filter>Source Files</Filter>
    </None>
  </ItemGroup>
  <ItemGroup>
    <Text Include="ReadMe.txt" />
  </ItemGroup>
  <ItemGroup>
    <ClCompile Include="Source\DLL_Exports.cpp">
      <Filter>Source Files</Filter>
    </ClCompile>
    <ClCompile Include="Source\stdafx.cpp">
      <Filter>Source Files</Filter>
    </ClCompile>
    <ClCompile Include="Source\MCAppExtensionSample.cpp">
      <Filter>Source Files</Filter>
    </ClCompile>
    <ClCompile Include="Source\MCFilePropSample.cpp">
      <Filter>Source Files</Filter>
    </ClCompile>
  </ItemGroup>
  <ItemGroup>
    <ClInclude Include="Source\stdafx.h">
      <Filter>Source Files</Filter>
    </ClInclude>
    <ClInclude Include="Source\MCAppExtensionSample.h">
      <Filter>Source Files</Filter>
    </ClInclude>
    <ClInclude Include="Source\AppExtensionCmd.h">
      <Filter>Source Files</Filter>
    </ClInclude>
    <ClInclude Include="Source\MCFilePropSample.h">
      <Filter>Source Files</Filter>
    </ClInclude>
  </ItemGroup>
  <ItemGroup>
    <Xml Include="Config\Languages\AppExtSample_lang_en.xml">
      <Filter>Config\Language</Filter>
    </Xml>
    <Xml Include="Config\AppExtSample.xml">
      <Filter>Config</Filter>
    </Xml>
    <Xml Include="Config\Languages\FilePropSample_lang_en.xml">
      <Filter>Config\Language</Filter>
    </Xml>
  </ItemGroup>
</Project>